// !$*UTF8*$!
{
	archiveVersion = 1;
	classes = {
	};
	objectVersion = 50;
	objects = {

/* Begin PBXBuildFile section */
		D84F92AE245E57E90036EA07 /* ExternalAccessory.framework in Frameworks */ = {isa = PBXBuildFile; fileRef = D84F92AD245E57E90036EA07 /* ExternalAccessory.framework */; };
		D872FAC12456354900B70F62 /* AppDelegate.swift in Sources */ = {isa = PBXBuildFile; fileRef = D872FAC02456354900B70F62 /* AppDelegate.swift */; };
		D872FAC32456354900B70F62 /* SceneDelegate.swift in Sources */ = {isa = PBXBuildFile; fileRef = D872FAC22456354900B70F62 /* SceneDelegate.swift */; };
		D872FAC52456354900B70F62 /* SelectPrinterViewController.swift in Sources */ = {isa = PBXBuildFile; fileRef = D872FAC42456354900B70F62 /* SelectPrinterViewController.swift */; };
		D872FAC72456354900B70F62 /* PrintTableViewController.swift in Sources */ = {isa = PBXBuildFile; fileRef = D872FAC62456354900B70F62 /* PrintTableViewController.swift */; };
		D872FACA2456354900B70F62 /* Main.storyboard in Resources */ = {isa = PBXBuildFile; fileRef = D872FAC82456354900B70F62 /* Main.storyboard */; };
		D872FACC2456354A00B70F62 /* Assets.xcassets in Resources */ = {isa = PBXBuildFile; fileRef = D872FACB2456354A00B70F62 /* Assets.xcassets */; };
		D872FACF2456354A00B70F62 /* LaunchScreen.storyboard in Resources */ = {isa = PBXBuildFile; fileRef = D872FACD2456354A00B70F62 /* LaunchScreen.storyboard */; };
		D872FADB2456710A00B70F62 /* BRLMPrinterKit.framework in Frameworks */ = {isa = PBXBuildFile; fileRef = D872FAD624566B7200B70F62 /* BRLMPrinterKit.framework */; };
		D872FADC2456710A00B70F62 /* BRLMPrinterKit.framework in Embed Frameworks */ = {isa = PBXBuildFile; fileRef = D872FAD624566B7200B70F62 /* BRLMPrinterKit.framework */; settings = {ATTRIBUTES = (CodeSignOnCopy, RemoveHeadersOnCopy, ); }; };
		D872FAE124573E2800B70F62 /* TemplateViewController.swift in Sources */ = {isa = PBXBuildFile; fileRef = D872FAE024573E2800B70F62 /* TemplateViewController.swift */; };
		D872FAE42457A07300B70F62 /* WiFiPrintersTableViewController.swift in Sources */ = {isa = PBXBuildFile; fileRef = D872FAE32457A07300B70F62 /* WiFiPrintersTableViewController.swift */; };
		D8BBAE8D2458F3E900CB1FDA /* PDFSample.pdf in Resources */ = {isa = PBXBuildFile; fileRef = D8BBAE8C2458F3E900CB1FDA /* PDFSample.pdf */; };
		D8BBAE8F2458FEEF00CB1FDA /* RedBlackImageSample.png in Resources */ = {isa = PBXBuildFile; fileRef = D8BBAE8E2458FEEF00CB1FDA /* RedBlackImageSample.png */; };
		D8BBAE9324594F4A00CB1FDA /* BengalSample.png in Resources */ = {isa = PBXBuildFile; fileRef = D8BBAE9224594F4900CB1FDA /* BengalSample.png */; };
		D8BBAE95245C81F500CB1FDA /* README.md in Resources */ = {isa = PBXBuildFile; fileRef = D8BBAE94245C81F500CB1FDA /* README.md */; };
		D8BBAE97245CA5C500CB1FDA /* SigningError.png in Resources */ = {isa = PBXBuildFile; fileRef = D8BBAE96245CA5C500CB1FDA /* SigningError.png */; };
		D8F0DF2D2457C19B00D5247A /* PrinterList.plist in Resources */ = {isa = PBXBuildFile; fileRef = D8F0DF2C2457C19B00D5247A /* PrinterList.plist */; };
		D8F0DF2F2458867300D5247A /* PrinterAndPaper.swift in Sources */ = {isa = PBXBuildFile; fileRef = D8F0DF2E2458867300D5247A /* PrinterAndPaper.swift */; };
/* End PBXBuildFile section */

/* Begin PBXCopyFilesBuildPhase section */
		D872FADD2456710A00B70F62 /* Embed Frameworks */ = {
			isa = PBXCopyFilesBuildPhase;
			buildActionMask = 2147483647;
			dstPath = "";
			dstSubfolderSpec = 10;
			files = (
				D872FADC2456710A00B70F62 /* BRLMPrinterKit.framework in Embed Frameworks */,
			);
			name = "Embed Frameworks";
			runOnlyForDeploymentPostprocessing = 0;
		};
/* End PBXCopyFilesBuildPhase section */

/* Begin PBXFileReference section */
		D84F92AB245E57E90036EA07 /* BrotherSwiftyLabels.entitlements */ = {isa = PBXFileReference; lastKnownFileType = text.plist.entitlements; path = BrotherSwiftyLabels.entitlements; sourceTree = "<group>"; };
		D84F92AD245E57E90036EA07 /* ExternalAccessory.framework */ = {isa = PBXFileReference; lastKnownFileType = wrapper.framework; name = ExternalAccessory.framework; path = System/Library/Frameworks/ExternalAccessory.framework; sourceTree = SDKROOT; };
		D872FABD2456354900B70F62 /* BrotherSwiftyLabels.app */ = {isa = PBXFileReference; explicitFileType = wrapper.application; includeInIndex = 0; path = BrotherSwiftyLabels.app; sourceTree = BUILT_PRODUCTS_DIR; };
		D872FAC02456354900B70F62 /* AppDelegate.swift */ = {isa = PBXFileReference; lastKnownFileType = sourcecode.swift; path = AppDelegate.swift; sourceTree = "<group>"; };
		D872FAC22456354900B70F62 /* SceneDelegate.swift */ = {isa = PBXFileReference; lastKnownFileType = sourcecode.swift; path = SceneDelegate.swift; sourceTree = "<group>"; };
		D872FAC42456354900B70F62 /* SelectPrinterViewController.swift */ = {isa = PBXFileReference; lastKnownFileType = sourcecode.swift; path = SelectPrinterViewController.swift; sourceTree = "<group>"; };
		D872FAC62456354900B70F62 /* PrintTableViewController.swift */ = {isa = PBXFileReference; lastKnownFileType = sourcecode.swift; path = PrintTableViewController.swift; sourceTree = "<group>"; };
		D872FAC92456354900B70F62 /* Base */ = {isa = PBXFileReference; lastKnownFileType = file.storyboard; name = Base; path = Base.lproj/Main.storyboard; sourceTree = "<group>"; };
		D872FACB2456354A00B70F62 /* Assets.xcassets */ = {isa = PBXFileReference; lastKnownFileType = folder.assetcatalog; path = Assets.xcassets; sourceTree = "<group>"; };
		D872FACE2456354A00B70F62 /* Base */ = {isa = PBXFileReference; lastKnownFileType = file.storyboard; name = Base; path = Base.lproj/LaunchScreen.storyboard; sourceTree = "<group>"; };
		D872FAD02456354A00B70F62 /* Info.plist */ = {isa = PBXFileReference; lastKnownFileType = text.plist.xml; path = Info.plist; sourceTree = "<group>"; };
		D872FAD624566B7200B70F62 /* BRLMPrinterKit.framework */ = {isa = PBXFileReference; lastKnownFileType = wrapper.framework; path = BRLMPrinterKit.framework; sourceTree = "<group>"; };
		D872FAD824566BB300B70F62 /* BrotherSwiftyLabels-Bridging-Header.h */ = {isa = PBXFileReference; lastKnownFileType = sourcecode.c.h; path = "BrotherSwiftyLabels-Bridging-Header.h"; sourceTree = "<group>"; };
		D872FAE024573E2800B70F62 /* TemplateViewController.swift */ = {isa = PBXFileReference; lastKnownFileType = sourcecode.swift; path = TemplateViewController.swift; sourceTree = "<group>"; };
		D872FAE32457A07300B70F62 /* WiFiPrintersTableViewController.swift */ = {isa = PBXFileReference; lastKnownFileType = sourcecode.swift; path = WiFiPrintersTableViewController.swift; sourceTree = "<group>"; };
		D8BBAE8C2458F3E900CB1FDA /* PDFSample.pdf */ = {isa = PBXFileReference; lastKnownFileType = image.pdf; path = PDFSample.pdf; sourceTree = SOURCE_ROOT; };
		D8BBAE8E2458FEEF00CB1FDA /* RedBlackImageSample.png */ = {isa = PBXFileReference; lastKnownFileType = image.png; path = RedBlackImageSample.png; sourceTree = SOURCE_ROOT; };
		D8BBAE9224594F4900CB1FDA /* BengalSample.png */ = {isa = PBXFileReference; lastKnownFileType = image.png; path = BengalSample.png; sourceTree = "<group>"; };
		D8BBAE94245C81F500CB1FDA /* README.md */ = {isa = PBXFileReference; lastKnownFileType = net.daringfireball.markdown; path = README.md; sourceTree = "<group>"; };
		D8BBAE96245CA5C500CB1FDA /* SigningError.png */ = {isa = PBXFileReference; lastKnownFileType = image.png; path = SigningError.png; sourceTree = "<group>"; };
		D8F0DF2C2457C19B00D5247A /* PrinterList.plist */ = {isa = PBXFileReference; fileEncoding = 4; lastKnownFileType = text.plist.xml; path = PrinterList.plist; sourceTree = "<group>"; };
		D8F0DF2E2458867300D5247A /* PrinterAndPaper.swift */ = {isa = PBXFileReference; lastKnownFileType = sourcecode.swift; path = PrinterAndPaper.swift; sourceTree = "<group>"; };
/* End PBXFileReference section */

/* Begin PBXFrameworksBuildPhase section */
		D872FABA2456354900B70F62 /* Frameworks */ = {
			isa = PBXFrameworksBuildPhase;
			buildActionMask = 2147483647;
			files = (
				D84F92AE245E57E90036EA07 /* ExternalAccessory.framework in Frameworks */,
				D872FADB2456710A00B70F62 /* BRLMPrinterKit.framework in Frameworks */,
			);
			runOnlyForDeploymentPostprocessing = 0;
		};
/* End PBXFrameworksBuildPhase section */

/* Begin PBXGroup section */
		D84F92AC245E57E90036EA07 /* Frameworks */ = {
			isa = PBXGroup;
			children = (
				D84F92AD245E57E90036EA07 /* ExternalAccessory.framework */,
			);
			name = Frameworks;
			sourceTree = "<group>";
		};
		D872FAB42456354900B70F62 = {
			isa = PBXGroup;
			children = (
				D8BBAE94245C81F500CB1FDA /* README.md */,
				D8BBAE96245CA5C500CB1FDA /* SigningError.png */,
				D872FAD824566BB300B70F62 /* BrotherSwiftyLabels-Bridging-Header.h */,
				D8F0DF2C2457C19B00D5247A /* PrinterList.plist */,
				D8F0DF2E2458867300D5247A /* PrinterAndPaper.swift */,
				D872FABF2456354900B70F62 /* BrotherSwiftyLabels */,
				D872FABE2456354900B70F62 /* Products */,
				D84F92AC245E57E90036EA07 /* Frameworks */,
			);
			sourceTree = "<group>";
		};
		D872FABE2456354900B70F62 /* Products */ = {
			isa = PBXGroup;
			children = (
				D872FABD2456354900B70F62 /* BrotherSwiftyLabels.app */,
			);
			name = Products;
			sourceTree = "<group>";
		};
		D872FABF2456354900B70F62 /* BrotherSwiftyLabels */ = {
			isa = PBXGroup;
			children = (
				D84F92AB245E57E90036EA07 /* BrotherSwiftyLabels.entitlements */,
				D872FAE224573E3500B70F62 /* ViewControllers */,
				D872FAC82456354900B70F62 /* Main.storyboard */,
				D872FACB2456354A00B70F62 /* Assets.xcassets */,
				D8BBAE8C2458F3E900CB1FDA /* PDFSample.pdf */,
				D8BBAE8E2458FEEF00CB1FDA /* RedBlackImageSample.png */,
				D8BBAE9224594F4900CB1FDA /* BengalSample.png */,
				D872FACD2456354A00B70F62 /* LaunchScreen.storyboard */,
				D872FAC02456354900B70F62 /* AppDelegate.swift */,
				D872FAC22456354900B70F62 /* SceneDelegate.swift */,
				D872FAD02456354A00B70F62 /* Info.plist */,
				D872FAD624566B7200B70F62 /* BRLMPrinterKit.framework */,
			);
			path = BrotherSwiftyLabels;
			sourceTree = "<group>";
		};
		D872FAE224573E3500B70F62 /* ViewControllers */ = {
			isa = PBXGroup;
			children = (
				D872FAC42456354900B70F62 /* SelectPrinterViewController.swift */,
				D872FAE32457A07300B70F62 /* WiFiPrintersTableViewController.swift */,
				D872FAC62456354900B70F62 /* PrintTableViewController.swift */,
				D872FAE024573E2800B70F62 /* TemplateViewController.swift */,
			);
			path = ViewControllers;
			sourceTree = "<group>";
		};
/* End PBXGroup section */

/* Begin PBXNativeTarget section */
		D872FABC2456354900B70F62 /* BrotherSwiftyLabels */ = {
			isa = PBXNativeTarget;
			buildConfigurationList = D872FAD32456354A00B70F62 /* Build configuration list for PBXNativeTarget "BrotherSwiftyLabels" */;
			buildPhases = (
				D872FAB92456354900B70F62 /* Sources */,
				D872FABA2456354900B70F62 /* Frameworks */,
				D872FABB2456354900B70F62 /* Resources */,
				D872FADD2456710A00B70F62 /* Embed Frameworks */,
			);
			buildRules = (
			);
			dependencies = (
			);
			name = BrotherSwiftyLabels;
			productName = BrotherSwiftyLabels;
			productReference = D872FABD2456354900B70F62 /* BrotherSwiftyLabels.app */;
			productType = "com.apple.product-type.application";
		};
/* End PBXNativeTarget section */

/* Begin PBXProject section */
		D872FAB52456354900B70F62 /* Project object */ = {
			isa = PBXProject;
			attributes = {
				LastSwiftUpdateCheck = 1140;
				LastUpgradeCheck = 1140;
				ORGANIZATIONNAME = Mizmovac;
				TargetAttributes = {
					D872FABC2456354900B70F62 = {
						CreatedOnToolsVersion = 11.4.1;
						LastSwiftMigration = 1140;
					};
				};
			};
			buildConfigurationList = D872FAB82456354900B70F62 /* Build configuration list for PBXProject "BrotherSwiftyLabels" */;
			compatibilityVersion = "Xcode 9.3";
			developmentRegion = en;
			hasScannedForEncodings = 0;
			knownRegions = (
				en,
				Base,
			);
			mainGroup = D872FAB42456354900B70F62;
			productRefGroup = D872FABE2456354900B70F62 /* Products */;
			projectDirPath = "";
			projectRoot = "";
			targets = (
				D872FABC2456354900B70F62 /* BrotherSwiftyLabels */,
			);
		};
/* End PBXProject section */

/* Begin PBXResourcesBuildPhase section */
		D872FABB2456354900B70F62 /* Resources */ = {
			isa = PBXResourcesBuildPhase;
			buildActionMask = 2147483647;
			files = (
				D872FACF2456354A00B70F62 /* LaunchScreen.storyboard in Resources */,
				D8F0DF2D2457C19B00D5247A /* PrinterList.plist in Resources */,
				D872FACC2456354A00B70F62 /* Assets.xcassets in Resources */,
				D872FACA2456354900B70F62 /* Main.storyboard in Resources */,
				D8BBAE97245CA5C500CB1FDA /* SigningError.png in Resources */,
				D8BBAE8F2458FEEF00CB1FDA /* RedBlackImageSample.png in Resources */,
				D8BBAE8D2458F3E900CB1FDA /* PDFSample.pdf in Resources */,
				D8BBAE95245C81F500CB1FDA /* README.md in Resources */,
				D8BBAE9324594F4A00CB1FDA /* BengalSample.png in Resources */,
			);
			runOnlyForDeploymentPostprocessing = 0;
		};
/* End PBXResourcesBuildPhase section */

/* Begin PBXSourcesBuildPhase section */
		D872FAB92456354900B70F62 /* Sources */ = {
			isa = PBXSourcesBuildPhase;
			buildActionMask = 2147483647;
			files = (
				D872FAC72456354900B70F62 /* PrintTableViewController.swift in Sources */,
				D872FAE42457A07300B70F62 /* WiFiPrintersTableViewController.swift in Sources */,
				D872FAE124573E2800B70F62 /* TemplateViewController.swift in Sources */,
				D872FAC52456354900B70F62 /* SelectPrinterViewController.swift in Sources */,
				D872FAC12456354900B70F62 /* AppDelegate.swift in Sources */,
				D872FAC32456354900B70F62 /* SceneDelegate.swift in Sources */,
				D8F0DF2F2458867300D5247A /* PrinterAndPaper.swift in Sources */,
			);
			runOnlyForDeploymentPostprocessing = 0;
		};
/* End PBXSourcesBuildPhase section */

/* Begin PBXVariantGroup section */
		D872FAC82456354900B70F62 /* Main.storyboard */ = {
			isa = PBXVariantGroup;
			children = (
				D872FAC92456354900B70F62 /* Base */,
			);
			name = Main.storyboard;
			sourceTree = "<group>";
		};
		D872FACD2456354A00B70F62 /* LaunchScreen.storyboard */ = {
			isa = PBXVariantGroup;
			children = (
				D872FACE2456354A00B70F62 /* Base */,
			);
			name = LaunchScreen.storyboard;
			sourceTree = "<group>";
		};
/* End PBXVariantGroup section */

/* Begin XCBuildConfiguration section */
		D872FAD12456354A00B70F62 /* Debug */ = {
			isa = XCBuildConfiguration;
			buildSettings = {
				ALWAYS_SEARCH_USER_PATHS = NO;
				CLANG_ANALYZER_NONNULL = YES;
				CLANG_ANALYZER_NUMBER_OBJECT_CONVERSION = YES_AGGRESSIVE;
				CLANG_CXX_LANGUAGE_STANDARD = "gnu++14";
				CLANG_CXX_LIBRARY = "libc++";
				CLANG_ENABLE_MODULES = YES;
				CLANG_ENABLE_OBJC_ARC = YES;
				CLANG_ENABLE_OBJC_WEAK = YES;
				CLANG_WARN_BLOCK_CAPTURE_AUTORELEASING = YES;
				CLANG_WARN_BOOL_CONVERSION = YES;
				CLANG_WARN_COMMA = YES;
				CLANG_WARN_CONSTANT_CONVERSION = YES;
				CLANG_WARN_DEPRECATED_OBJC_IMPLEMENTATIONS = YES;
				CLANG_WARN_DIRECT_OBJC_ISA_USAGE = YES_ERROR;
				CLANG_WARN_DOCUMENTATION_COMMENTS = YES;
				CLANG_WARN_EMPTY_BODY = YES;
				CLANG_WARN_ENUM_CONVERSION = YES;
				CLANG_WARN_INFINITE_RECURSION = YES;
				CLANG_WARN_INT_CONVERSION = YES;
				CLANG_WARN_NON_LITERAL_NULL_CONVERSION = YES;
				CLANG_WARN_OBJC_IMPLICIT_RETAIN_SELF = YES;
				CLANG_WARN_OBJC_LITERAL_CONVERSION = YES;
				CLANG_WARN_OBJC_ROOT_CLASS = YES_ERROR;
				CLANG_WARN_RANGE_LOOP_ANALYSIS = YES;
				CLANG_WARN_STRICT_PROTOTYPES = YES;
				CLANG_WARN_SUSPICIOUS_MOVE = YES;
				CLANG_WARN_UNGUARDED_AVAILABILITY = YES_AGGRESSIVE;
				CLANG_WARN_UNREACHABLE_CODE = YES;
				CLANG_WARN__DUPLICATE_METHOD_MATCH = YES;
				COPY_PHASE_STRIP = NO;
				DEBUG_INFORMATION_FORMAT = dwarf;
				ENABLE_STRICT_OBJC_MSGSEND = YES;
				ENABLE_TESTABILITY = YES;
				GCC_C_LANGUAGE_STANDARD = gnu11;
				GCC_DYNAMIC_NO_PIC = NO;
				GCC_NO_COMMON_BLOCKS = YES;
				GCC_OPTIMIZATION_LEVEL = 0;
				GCC_PREPROCESSOR_DEFINITIONS = (
					"DEBUG=1",
					"$(inherited)",
				);
				GCC_WARN_64_TO_32_BIT_CONVERSION = YES;
				GCC_WARN_ABOUT_RETURN_TYPE = YES_ERROR;
				GCC_WARN_UNDECLARED_SELECTOR = YES;
				GCC_WARN_UNINITIALIZED_AUTOS = YES_AGGRESSIVE;
				GCC_WARN_UNUSED_FUNCTION = YES;
				GCC_WARN_UNUSED_VARIABLE = YES;
				IPHONEOS_DEPLOYMENT_TARGET = 13.4;
				MTL_ENABLE_DEBUG_INFO = INCLUDE_SOURCE;
				MTL_FAST_MATH = YES;
				ONLY_ACTIVE_ARCH = YES;
				SDKROOT = iphoneos;
				SWIFT_ACTIVE_COMPILATION_CONDITIONS = DEBUG;
				SWIFT_OPTIMIZATION_LEVEL = "-Onone";
			};
			name = Debug;
		};
		D872FAD22456354A00B70F62 /* Release */ = {
			isa = XCBuildConfiguration;
			buildSettings = {
				ALWAYS_SEARCH_USER_PATHS = NO;
				CLANG_ANALYZER_NONNULL = YES;
				CLANG_ANALYZER_NUMBER_OBJECT_CONVERSION = YES_AGGRESSIVE;
				CLANG_CXX_LANGUAGE_STANDARD = "gnu++14";
				CLANG_CXX_LIBRARY = "libc++";
				CLANG_ENABLE_MODULES = YES;
				CLANG_ENABLE_OBJC_ARC = YES;
				CLANG_ENABLE_OBJC_WEAK = YES;
				CLANG_WARN_BLOCK_CAPTURE_AUTORELEASING = YES;
				CLANG_WARN_BOOL_CONVERSION = YES;
				CLANG_WARN_COMMA = YES;
				CLANG_WARN_CONSTANT_CONVERSION = YES;
				CLANG_WARN_DEPRECATED_OBJC_IMPLEMENTATIONS = YES;
				CLANG_WARN_DIRECT_OBJC_ISA_USAGE = YES_ERROR;
				CLANG_WARN_DOCUMENTATION_COMMENTS = YES;
				CLANG_WARN_EMPTY_BODY = YES;
				CLANG_WARN_ENUM_CONVERSION = YES;
				CLANG_WARN_INFINITE_RECURSION = YES;
				CLANG_WARN_INT_CONVERSION = YES;
				CLANG_WARN_NON_LITERAL_NULL_CONVERSION = YES;
				CLANG_WARN_OBJC_IMPLICIT_RETAIN_SELF = YES;
				CLANG_WARN_OBJC_LITERAL_CONVERSION = YES;
				CLANG_WARN_OBJC_ROOT_CLASS = YES_ERROR;
				CLANG_WARN_RANGE_LOOP_ANALYSIS = YES;
				CLANG_WARN_STRICT_PROTOTYPES = YES;
				CLANG_WARN_SUSPICIOUS_MOVE = YES;
				CLANG_WARN_UNGUARDED_AVAILABILITY = YES_AGGRESSIVE;
				CLANG_WARN_UNREACHABLE_CODE = YES;
				CLANG_WARN__DUPLICATE_METHOD_MATCH = YES;
				COPY_PHASE_STRIP = NO;
				DEBUG_INFORMATION_FORMAT = "dwarf-with-dsym";
				ENABLE_NS_ASSERTIONS = NO;
				ENABLE_STRICT_OBJC_MSGSEND = YES;
				GCC_C_LANGUAGE_STANDARD = gnu11;
				GCC_NO_COMMON_BLOCKS = YES;
				GCC_WARN_64_TO_32_BIT_CONVERSION = YES;
				GCC_WARN_ABOUT_RETURN_TYPE = YES_ERROR;
				GCC_WARN_UNDECLARED_SELECTOR = YES;
				GCC_WARN_UNINITIALIZED_AUTOS = YES_AGGRESSIVE;
				GCC_WARN_UNUSED_FUNCTION = YES;
				GCC_WARN_UNUSED_VARIABLE = YES;
				IPHONEOS_DEPLOYMENT_TARGET = 13.4;
				MTL_ENABLE_DEBUG_INFO = NO;
				MTL_FAST_MATH = YES;
				SDKROOT = iphoneos;
				SWIFT_COMPILATION_MODE = wholemodule;
				SWIFT_OPTIMIZATION_LEVEL = "-O";
				VALIDATE_PRODUCT = YES;
			};
			name = Release;
		};
		D872FAD42456354A00B70F62 /* Debug */ = {
			isa = XCBuildConfiguration;
			buildSettings = {
				ASSETCATALOG_COMPILER_APPICON_NAME = AppIcon;
				CLANG_ENABLE_MODULES = YES;
				CODE_SIGN_ENTITLEMENTS = BrotherSwiftyLabels/BrotherSwiftyLabels.entitlements;
				CODE_SIGN_STYLE = Automatic;
				DEVELOPMENT_TEAM = 3L3733P76M;
				FRAMEWORK_SEARCH_PATHS = (
					"$(inherited)",
					"$(PROJECT_DIR)/BrotherSwiftyLabels",
				);
				INFOPLIST_FILE = BrotherSwiftyLabels/Info.plist;
				IPHONEOS_DEPLOYMENT_TARGET = 13.3;
				LD_RUNPATH_SEARCH_PATHS = (
					"$(inherited)",
					"@executable_path/Frameworks",
				);
				PRODUCT_BUNDLE_IDENTIFIER = com.mizmovac.joe.BrotherSwiftyLabels;
				PRODUCT_NAME = "$(TARGET_NAME)";
				SWIFT_OBJC_BRIDGING_HEADER = "BrotherSwiftyLabels-Bridging-Header.h";
				SWIFT_OPTIMIZATION_LEVEL = "-Onone";
				SWIFT_VERSION = 5.0;
				TARGETED_DEVICE_FAMILY = "1,2";
			};
			name = Debug;
		};
		D872FAD52456354A00B70F62 /* Release */ = {
			isa = XCBuildConfiguration;
			buildSettings = {
				ASSETCATALOG_COMPILER_APPICON_NAME = AppIcon;
				CLANG_ENABLE_MODULES = YES;
				CODE_SIGN_ENTITLEMENTS = BrotherSwiftyLabels/BrotherSwiftyLabels.entitlements;
				CODE_SIGN_STYLE = Automatic;
				DEVELOPMENT_TEAM = 3L3733P76M;
				FRAMEWORK_SEARCH_PATHS = (
					"$(inherited)",
					"$(PROJECT_DIR)/BrotherSwiftyLabels",
				);
				INFOPLIST_FILE = BrotherSwiftyLabels/Info.plist;
				IPHONEOS_DEPLOYMENT_TARGET = 13.3;
				LD_RUNPATH_SEARCH_PATHS = (
					"$(inherited)",
					"@executable_path/Frameworks",
				);
				PRODUCT_BUNDLE_IDENTIFIER = com.mizmovac.joe.BrotherSwiftyLabels;
				PRODUCT_NAME = "$(TARGET_NAME)";
				SWIFT_OBJC_BRIDGING_HEADER = "BrotherSwiftyLabels-Bridging-Header.h";
				SWIFT_VERSION = 5.0;
				TARGETED_DEVICE_FAMILY = "1,2";
			};
			name = Release;
		};
/* End XCBuildConfiguration section */

/* Begin XCConfigurationList section */
		D872FAB82456354900B70F62 /* Build configuration list for PBXProject "BrotherSwiftyLabels" */ = {
			isa = XCConfigurationList;
			buildConfigurations = (
				D872FAD12456354A00B70F62 /* Debug */,
				D872FAD22456354A00B70F62 /* Release */,
			);
			defaultConfigurationIsVisible = 0;
			defaultConfigurationName = Release;
		};
		D872FAD32456354A00B70F62 /* Build configuration list for PBXNativeTarget "BrotherSwiftyLabels" */ = {
			isa = XCConfigurationList;
			buildConfigurations = (
				D872FAD42456354A00B70F62 /* Debug */,
				D872FAD52456354A00B70F62 /* Release */,
			);
			defaultConfigurationIsVisible = 0;
			defaultConfigurationName = Release;
		};
/* End XCConfigurationList section */
	};
	rootObject = D872FAB52456354900B70F62 /* Project object */;
}
